// !$*UTF8*$!
{
	archiveVersion = 1;
	classes = {
	};
	objectVersion = 46;
	objects = {

/* Begin PBXBuildFile section */
		04E767491C85992D003265BD /* main.m in Sources */ = {isa = PBXBuildFile; fileRef = 04E767481C85992D003265BD /* main.m */; };
		04E7674C1C85992D003265BD /* AppDelegate.m in Sources */ = {isa = PBXBuildFile; fileRef = 04E7674B1C85992D003265BD /* AppDelegate.m */; };
		04E7674F1C85992D003265BD /* ViewController.m in Sources */ = {isa = PBXBuildFile; fileRef = 04E7674E1C85992D003265BD /* ViewController.m */; };
		04E767521C85992D003265BD /* Main.storyboard in Resources */ = {isa = PBXBuildFile; fileRef = 04E767501C85992D003265BD /* Main.storyboard */; };
		04E767541C85992D003265BD /* Assets.xcassets in Resources */ = {isa = PBXBuildFile; fileRef = 04E767531C85992D003265BD /* Assets.xcassets */; };
		04E767571C85992D003265BD /* LaunchScreen.storyboard in Resources */ = {isa = PBXBuildFile; fileRef = 04E767551C85992D003265BD /* LaunchScreen.storyboard */; };
		04E767731C859956003265BD /* MKAnnotationView+WebCache.m in Sources */ = {isa = PBXBuildFile; fileRef = 04E767601C859956003265BD /* MKAnnotationView+WebCache.m */; };
		04E767741C859956003265BD /* SDImageCache.m in Sources */ = {isa = PBXBuildFile; fileRef = 04E767621C859956003265BD /* SDImageCache.m */; };
		04E767751C859956003265BD /* SDWebImageDecoder.m in Sources */ = {isa = PBXBuildFile; fileRef = 04E767661C859956003265BD /* SDWebImageDecoder.m */; };
		04E767761C859956003265BD /* SDWebImageDownloader.m in Sources */ = {isa = PBXBuildFile; fileRef = 04E767681C859956003265BD /* SDWebImageDownloader.m */; };
		04E767771C859956003265BD /* SDWebImageManager.m in Sources */ = {isa = PBXBuildFile; fileRef = 04E7676B1C859956003265BD /* SDWebImageManager.m */; };
		04E767781C859956003265BD /* SDWebImagePrefetcher.m in Sources */ = {isa = PBXBuildFile; fileRef = 04E7676E1C859956003265BD /* SDWebImagePrefetcher.m */; };
		04E767791C859956003265BD /* UIButton+WebCache.m in Sources */ = {isa = PBXBuildFile; fileRef = 04E767701C859956003265BD /* UIButton+WebCache.m */; };
		04E7677A1C859956003265BD /* UIImageView+WebCache.m in Sources */ = {isa = PBXBuildFile; fileRef = 04E767721C859956003265BD /* UIImageView+WebCache.m */; };
		04E7677E1C8599ED003265BD /* UIImageView+More.m in Sources */ = {isa = PBXBuildFile; fileRef = 04E7677D1C8599ED003265BD /* UIImageView+More.m */; };
		04E767801C859A68003265BD /* 5.png in Resources */ = {isa = PBXBuildFile; fileRef = 04E7677F1C859A68003265BD /* 5.png */; };
		04E767831C859AAE003265BD /* MyImageManager.m in Sources */ = {isa = PBXBuildFile; fileRef = 04E767821C859AAE003265BD /* MyImageManager.m */; };
		04E767861C859E03003265BD /* MyImageOperation.m in Sources */ = {isa = PBXBuildFile; fileRef = 04E767851C859E03003265BD /* MyImageOperation.m */; };
		04E767891C85A754003265BD /* NSString+More.m in Sources */ = {isa = PBXBuildFile; fileRef = 04E767881C85A754003265BD /* NSString+More.m */; };
		04E7678D1C85A93E003265BD /* Base64.m in Sources */ = {isa = PBXBuildFile; fileRef = 04E7678C1C85A93E003265BD /* Base64.m */; };
/* End PBXBuildFile section */

/* Begin PBXFileReference section */
		04E767441C85992D003265BD /* MyselfSDWebImageTest.app */ = {isa = PBXFileReference; explicitFileType = wrapper.application; includeInIndex = 0; path = MyselfSDWebImageTest.app; sourceTree = BUILT_PRODUCTS_DIR; };
		04E767481C85992D003265BD /* main.m */ = {isa = PBXFileReference; lastKnownFileType = sourcecode.c.objc; path = main.m; sourceTree = "<group>"; };
		04E7674A1C85992D003265BD /* AppDelegate.h */ = {isa = PBXFileReference; lastKnownFileType = sourcecode.c.h; path = AppDelegate.h; sourceTree = "<group>"; };
		04E7674B1C85992D003265BD /* AppDelegate.m */ = {isa = PBXFileReference; lastKnownFileType = sourcecode.c.objc; path = AppDelegate.m; sourceTree = "<group>"; };
		04E7674D1C85992D003265BD /* ViewController.h */ = {isa = PBXFileReference; lastKnownFileType = sourcecode.c.h; path = ViewController.h; sourceTree = "<group>"; };
		04E7674E1C85992D003265BD /* ViewController.m */ = {isa = PBXFileReference; lastKnownFileType = sourcecode.c.objc; path = ViewController.m; sourceTree = "<group>"; };
		04E767511C85992D003265BD /* Base */ = {isa = PBXFileReference; lastKnownFileType = file.storyboard; name = Base; path = Base.lproj/Main.storyboard; sourceTree = "<group>"; };
		04E767531C85992D003265BD /* Assets.xcassets */ = {isa = PBXFileReference; lastKnownFileType = folder.assetcatalog; path = Assets.xcassets; sourceTree = "<group>"; };
		04E767561C85992D003265BD /* Base */ = {isa = PBXFileReference; lastKnownFileType = file.storyboard; name = Base; path = Base.lproj/LaunchScreen.storyboard; sourceTree = "<group>"; };
		04E767581C85992D003265BD /* Info.plist */ = {isa = PBXFileReference; lastKnownFileType = text.plist.xml; path = Info.plist; sourceTree = "<group>"; };
		04E7675F1C859956003265BD /* MKAnnotationView+WebCache.h */ = {isa = PBXFileReference; fileEncoding = 4; lastKnownFileType = sourcecode.c.h; path = "MKAnnotationView+WebCache.h"; sourceTree = "<group>"; };
		04E767601C859956003265BD /* MKAnnotationView+WebCache.m */ = {isa = PBXFileReference; fileEncoding = 4; lastKnownFileType = sourcecode.c.objc; path = "MKAnnotationView+WebCache.m"; sourceTree = "<group>"; };
		04E767611C859956003265BD /* SDImageCache.h */ = {isa = PBXFileReference; fileEncoding = 4; lastKnownFileType = sourcecode.c.h; path = SDImageCache.h; sourceTree = "<group>"; };
		04E767621C859956003265BD /* SDImageCache.m */ = {isa = PBXFileReference; fileEncoding = 4; lastKnownFileType = sourcecode.c.objc; path = SDImageCache.m; sourceTree = "<group>"; };
		04E767631C859956003265BD /* SDImageCacheDelegate.h */ = {isa = PBXFileReference; fileEncoding = 4; lastKnownFileType = sourcecode.c.h; path = SDImageCacheDelegate.h; sourceTree = "<group>"; };
		04E767641C859956003265BD /* SDWebImageCompat.h */ = {isa = PBXFileReference; fileEncoding = 4; lastKnownFileType = sourcecode.c.h; path = SDWebImageCompat.h; sourceTree = "<group>"; };
		04E767651C859956003265BD /* SDWebImageDecoder.h */ = {isa = PBXFileReference; fileEncoding = 4; lastKnownFileType = sourcecode.c.h; path = SDWebImageDecoder.h; sourceTree = "<group>"; };
		04E767661C859956003265BD /* SDWebImageDecoder.m */ = {isa = PBXFileReference; fileEncoding = 4; lastKnownFileType = sourcecode.c.objc; path = SDWebImageDecoder.m; sourceTree = "<group>"; };
		04E767671C859956003265BD /* SDWebImageDownloader.h */ = {isa = PBXFileReference; fileEncoding = 4; lastKnownFileType = sourcecode.c.h; path = SDWebImageDownloader.h; sourceTree = "<group>"; };
		04E767681C859956003265BD /* SDWebImageDownloader.m */ = {isa = PBXFileReference; fileEncoding = 4; lastKnownFileType = sourcecode.c.objc; path = SDWebImageDownloader.m; sourceTree = "<group>"; };
		04E767691C859956003265BD /* SDWebImageDownloaderDelegate.h */ = {isa = PBXFileReference; fileEncoding = 4; lastKnownFileType = sourcecode.c.h; path = SDWebImageDownloaderDelegate.h; sourceTree = "<group>"; };
		04E7676A1C859956003265BD /* SDWebImageManager.h */ = {isa = PBXFileReference; fileEncoding = 4; lastKnownFileType = sourcecode.c.h; path = SDWebImageManager.h; sourceTree = "<group>"; };
		04E7676B1C859956003265BD /* SDWebImageManager.m */ = {isa = PBXFileReference; fileEncoding = 4; lastKnownFileType = sourcecode.c.objc; path = SDWebImageManager.m; sourceTree = "<group>"; };
		04E7676C1C859956003265BD /* SDWebImageManagerDelegate.h */ = {isa = PBXFileReference; fileEncoding = 4; lastKnownFileType = sourcecode.c.h; path = SDWebImageManagerDelegate.h; sourceTree = "<group>"; };
		04E7676D1C859956003265BD /* SDWebImagePrefetcher.h */ = {isa = PBXFileReference; fileEncoding = 4; lastKnownFileType = sourcecode.c.h; path = SDWebImagePrefetcher.h; sourceTree = "<group>"; };
		04E7676E1C859956003265BD /* SDWebImagePrefetcher.m */ = {isa = PBXFileReference; fileEncoding = 4; lastKnownFileType = sourcecode.c.objc; path = SDWebImagePrefetcher.m; sourceTree = "<group>"; };
		04E7676F1C859956003265BD /* UIButton+WebCache.h */ = {isa = PBXFileReference; fileEncoding = 4; lastKnownFileType = sourcecode.c.h; path = "UIButton+WebCache.h"; sourceTree = "<group>"; };
		04E767701C859956003265BD /* UIButton+WebCache.m */ = {isa = PBXFileReference; fileEncoding = 4; lastKnownFileType = sourcecode.c.objc; path = "UIButton+WebCache.m"; sourceTree = "<group>"; };
		04E767711C859956003265BD /* UIImageView+WebCache.h */ = {isa = PBXFileReference; fileEncoding = 4; lastKnownFileType = sourcecode.c.h; path = "UIImageView+WebCache.h"; sourceTree = "<group>"; };
		04E767721C859956003265BD /* UIImageView+WebCache.m */ = {isa = PBXFileReference; fileEncoding = 4; lastKnownFileType = sourcecode.c.objc; path = "UIImageView+WebCache.m"; sourceTree = "<group>"; };
		04E7677C1C8599ED003265BD /* UIImageView+More.h */ = {isa = PBXFileReference; fileEncoding = 4; lastKnownFileType = sourcecode.c.h; path = "UIImageView+More.h"; sourceTree = "<group>"; };
		04E7677D1C8599ED003265BD /* UIImageView+More.m */ = {isa = PBXFileReference; fileEncoding = 4; lastKnownFileType = sourcecode.c.objc; path = "UIImageView+More.m"; sourceTree = "<group>"; };
		04E7677F1C859A68003265BD /* 5.png */ = {isa = PBXFileReference; lastKnownFileType = image.png; path = 5.png; sourceTree = "<group>"; };
		04E767811C859AAE003265BD /* MyImageManager.h */ = {isa = PBXFileReference; fileEncoding = 4; lastKnownFileType = sourcecode.c.h; path = MyImageManager.h; sourceTree = "<group>"; };
		04E767821C859AAE003265BD /* MyImageManager.m */ = {isa = PBXFileReference; fileEncoding = 4; lastKnownFileType = sourcecode.c.objc; path = MyImageManager.m; sourceTree = "<group>"; };
		04E767841C859E03003265BD /* MyImageOperation.h */ = {isa = PBXFileReference; fileEncoding = 4; lastKnownFileType = sourcecode.c.h; path = MyImageOperation.h; sourceTree = "<group>"; };
		04E767851C859E03003265BD /* MyImageOperation.m */ = {isa = PBXFileReference; fileEncoding = 4; lastKnownFileType = sourcecode.c.objc; path = MyImageOperation.m; sourceTree = "<group>"; };
		04E767871C85A754003265BD /* NSString+More.h */ = {isa = PBXFileReference; fileEncoding = 4; lastKnownFileType = sourcecode.c.h; path = "NSString+More.h"; sourceTree = "<group>"; };
		04E767881C85A754003265BD /* NSString+More.m */ = {isa = PBXFileReference; fileEncoding = 4; lastKnownFileType = sourcecode.c.objc; path = "NSString+More.m"; sourceTree = "<group>"; };
		04E7678B1C85A93E003265BD /* Base64.h */ = {isa = PBXFileReference; fileEncoding = 4; lastKnownFileType = sourcecode.c.h; path = Base64.h; sourceTree = "<group>"; };
		04E7678C1C85A93E003265BD /* Base64.m */ = {isa = PBXFileReference; fileEncoding = 4; lastKnownFileType = sourcecode.c.objc; path = Base64.m; sourceTree = "<group>"; };
/* End PBXFileReference section */

/* Begin PBXFrameworksBuildPhase section */
		04E767411C85992D003265BD /* Frameworks */ = {
			isa = PBXFrameworksBuildPhase;
			buildActionMask = 2147483647;
			files = (
			);
			runOnlyForDeploymentPostprocessing = 0;
		};
/* End PBXFrameworksBuildPhase section */

/* Begin PBXGroup section */
		04E7673B1C85992D003265BD = {
			isa = PBXGroup;
			children = (
				04E767461C85992D003265BD /* MyselfSDWebImageTest */,
				04E767451C85992D003265BD /* Products */,
			);
			sourceTree = "<group>";
		};
		04E767451C85992D003265BD /* Products */ = {
			isa = PBXGroup;
			children = (
				04E767441C85992D003265BD /* MyselfSDWebImageTest.app */,
			);
			name = Products;
			sourceTree = "<group>";
		};
		04E767461C85992D003265BD /* MyselfSDWebImageTest */ = {
			isa = PBXGroup;
			children = (
				04E7677F1C859A68003265BD /* 5.png */,
				04E7678A1C85A93E003265BD /* Base64 */,
				04E7677B1C8599CE003265BD /* DoMyself */,
				04E7675E1C859956003265BD /* SDWebImage */,
				04E7674A1C85992D003265BD /* AppDelegate.h */,
				04E7674B1C85992D003265BD /* AppDelegate.m */,
				04E7674D1C85992D003265BD /* ViewController.h */,
				04E7674E1C85992D003265BD /* ViewController.m */,
				04E767501C85992D003265BD /* Main.storyboard */,
				04E767531C85992D003265BD /* Assets.xcassets */,
				04E767551C85992D003265BD /* LaunchScreen.storyboard */,
				04E767581C85992D003265BD /* Info.plist */,
				04E767471C85992D003265BD /* Supporting Files */,
			);
			path = MyselfSDWebImageTest;
			sourceTree = "<group>";
		};
		04E767471C85992D003265BD /* Supporting Files */ = {
			isa = PBXGroup;
			children = (
				04E767481C85992D003265BD /* main.m */,
			);
			name = "Supporting Files";
			sourceTree = "<group>";
		};
		04E7675E1C859956003265BD /* SDWebImage */ = {
			isa = PBXGroup;
			children = (
				04E7675F1C859956003265BD /* MKAnnotationView+WebCache.h */,
				04E767601C859956003265BD /* MKAnnotationView+WebCache.m */,
				04E767611C859956003265BD /* SDImageCache.h */,
				04E767621C859956003265BD /* SDImageCache.m */,
				04E767631C859956003265BD /* SDImageCacheDelegate.h */,
				04E767641C859956003265BD /* SDWebImageCompat.h */,
				04E767651C859956003265BD /* SDWebImageDecoder.h */,
				04E767661C859956003265BD /* SDWebImageDecoder.m */,
				04E767671C859956003265BD /* SDWebImageDownloader.h */,
				04E767681C859956003265BD /* SDWebImageDownloader.m */,
				04E767691C859956003265BD /* SDWebImageDownloaderDelegate.h */,
				04E7676A1C859956003265BD /* SDWebImageManager.h */,
				04E7676B1C859956003265BD /* SDWebImageManager.m */,
				04E7676C1C859956003265BD /* SDWebImageManagerDelegate.h */,
				04E7676D1C859956003265BD /* SDWebImagePrefetcher.h */,
				04E7676E1C859956003265BD /* SDWebImagePrefetcher.m */,
				04E7676F1C859956003265BD /* UIButton+WebCache.h */,
				04E767701C859956003265BD /* UIButton+WebCache.m */,
				04E767711C859956003265BD /* UIImageView+WebCache.h */,
				04E767721C859956003265BD /* UIImageView+WebCache.m */,
			);
			path = SDWebImage;
			sourceTree = "<group>";
		};
		04E7677B1C8599CE003265BD /* DoMyself */ = {
			isa = PBXGroup;
			children = (
				04E7677C1C8599ED003265BD /* UIImageView+More.h */,
				04E7677D1C8599ED003265BD /* UIImageView+More.m */,
				04E767811C859AAE003265BD /* MyImageManager.h */,
				04E767821C859AAE003265BD /* MyImageManager.m */,
				04E767841C859E03003265BD /* MyImageOperation.h */,
				04E767851C859E03003265BD /* MyImageOperation.m */,
				04E767871C85A754003265BD /* NSString+More.h */,
				04E767881C85A754003265BD /* NSString+More.m */,
			);
			name = DoMyself;
			sourceTree = "<group>";
		};
		04E7678A1C85A93E003265BD /* Base64 */ = {
			isa = PBXGroup;
			children = (
				04E7678B1C85A93E003265BD /* Base64.h */,
				04E7678C1C85A93E003265BD /* Base64.m */,
			);
			path = Base64;
			sourceTree = "<group>";
		};
/* End PBXGroup section */

/* Begin PBXNativeTarget section */
		04E767431C85992D003265BD /* MyselfSDWebImageTest */ = {
			isa = PBXNativeTarget;
			buildConfigurationList = 04E7675B1C85992D003265BD /* Build configuration list for PBXNativeTarget "MyselfSDWebImageTest" */;
			buildPhases = (
				04E767401C85992D003265BD /* Sources */,
				04E767411C85992D003265BD /* Frameworks */,
				04E767421C85992D003265BD /* Resources */,
			);
			buildRules = (
			);
			dependencies = (
			);
			name = MyselfSDWebImageTest;
			productName = MyselfSDWebImageTest;
			productReference = 04E767441C85992D003265BD /* MyselfSDWebImageTest.app */;
			productType = "com.apple.product-type.application";
		};
/* End PBXNativeTarget section */

/* Begin PBXProject section */
		04E7673C1C85992D003265BD /* Project object */ = {
			isa = PBXProject;
			attributes = {
				LastUpgradeCheck = 0720;
				ORGANIZATIONNAME = Seven;
				TargetAttributes = {
					04E767431C85992D003265BD = {
						CreatedOnToolsVersion = 7.2;
					};
				};
			};
			buildConfigurationList = 04E7673F1C85992D003265BD /* Build configuration list for PBXProject "MyselfSDWebImageTest" */;
			compatibilityVersion = "Xcode 3.2";
			developmentRegion = English;
			hasScannedForEncodings = 0;
			knownRegions = (
				en,
				Base,
			);
			mainGroup = 04E7673B1C85992D003265BD;
			productRefGroup = 04E767451C85992D003265BD /* Products */;
			projectDirPath = "";
			projectRoot = "";
			targets = (
				04E767431C85992D003265BD /* MyselfSDWebImageTest */,
			);
		};
/* End PBXProject section */

/* Begin PBXResourcesBuildPhase section */
		04E767421C85992D003265BD /* Resources */ = {
			isa = PBXResourcesBuildPhase;
			buildActionMask = 2147483647;
			files = (
				04E767571C85992D003265BD /* LaunchScreen.storyboard in Resources */,
				04E767801C859A68003265BD /* 5.png in Resources */,
				04E767541C85992D003265BD /* Assets.xcassets in Resources */,
				04E767521C85992D003265BD /* Main.storyboard in Resources */,
			);
			runOnlyForDeploymentPostprocessing = 0;
		};
/* End PBXResourcesBuildPhase section */

/* Begin PBXSourcesBuildPhase section */
		04E767401C85992D003265BD /* Sources */ = {
			isa = PBXSourcesBuildPhase;
			buildActionMask = 2147483647;
			files = (
				04E7677A1C859956003265BD /* UIImageView+WebCache.m in Sources */,
				04E767781C859956003265BD /* SDWebImagePrefetcher.m in Sources */,
				04E7674F1C85992D003265BD /* ViewController.m in Sources */,
				04E767861C859E03003265BD /* MyImageOperation.m in Sources */,
				04E767891C85A754003265BD /* NSString+More.m in Sources */,
				04E767771C859956003265BD /* SDWebImageManager.m in Sources */,
				04E767731C859956003265BD /* MKAnnotationView+WebCache.m in Sources */,
				04E7674C1C85992D003265BD /* AppDelegate.m in Sources */,
				04E7678D1C85A93E003265BD /* Base64.m in Sources */,
				04E767491C85992D003265BD /* main.m in Sources */,
				04E767751C859956003265BD /* SDWebImageDecoder.m in Sources */,
				04E767831C859AAE003265BD /* MyImageManager.m in Sources */,
				04E767791C859956003265BD /* UIButton+WebCache.m in Sources */,
				04E767761C859956003265BD /* SDWebImageDownloader.m in Sources */,
				04E767741C859956003265BD /* SDImageCache.m in Sources */,
				04E7677E1C8599ED003265BD /* UIImageView+More.m in Sources */,
			);
			runOnlyForDeploymentPostprocessing = 0;
		};
/* End PBXSourcesBuildPhase section */

/* Begin PBXVariantGroup section */
		04E767501C85992D003265BD /* Main.storyboard */ = {
			isa = PBXVariantGroup;
			children = (
				04E767511C85992D003265BD /* Base */,
			);
			name = Main.storyboard;
			sourceTree = "<group>";
		};
		04E767551C85992D003265BD /* LaunchScreen.storyboard */ = {
			isa = PBXVariantGroup;
			children = (
				04E767561C85992D003265BD /* Base */,
			);
			name = LaunchScreen.storyboard;
			sourceTree = "<group>";
		};
/* End PBXVariantGroup section */

/* Begin XCBuildConfiguration section */
		04E767591C85992D003265BD /* Debug */ = {
			isa = XCBuildConfiguration;
			buildSettings = {
				ALWAYS_SEARCH_USER_PATHS = NO;
				CLANG_CXX_LANGUAGE_STANDARD = "gnu++0x";
				CLANG_CXX_LIBRARY = "libc++";
				CLANG_ENABLE_MODULES = YES;
				CLANG_ENABLE_OBJC_ARC = YES;
				CLANG_WARN_BOOL_CONVERSION = YES;
				CLANG_WARN_CONSTANT_CONVERSION = YES;
				CLANG_WARN_DIRECT_OBJC_ISA_USAGE = YES_ERROR;
				CLANG_WARN_EMPTY_BODY = YES;
				CLANG_WARN_ENUM_CONVERSION = YES;
				CLANG_WARN_INT_CONVERSION = YES;
				CLANG_WARN_OBJC_ROOT_CLASS = YES_ERROR;
				CLANG_WARN_UNREACHABLE_CODE = YES;
				CLANG_WARN__DUPLICATE_METHOD_MATCH = YES;
				"CODE_SIGN_IDENTITY[sdk=iphoneos*]" = "iPhone Developer";
				COPY_PHASE_STRIP = NO;
				DEBUG_INFORMATION_FORMAT = dwarf;
				ENABLE_STRICT_OBJC_MSGSEND = YES;
				ENABLE_TESTABILITY = YES;
				GCC_C_LANGUAGE_STANDARD = gnu99;
				GCC_DYNAMIC_NO_PIC = NO;
				GCC_NO_COMMON_BLOCKS = YES;
				GCC_OPTIMIZATION_LEVEL = 0;
				GCC_PREPROCESSOR_DEFINITIONS = (
					"DEBUG=1",
					"$(inherited)",
				);
				GCC_WARN_64_TO_32_BIT_CONVERSION = YES;
				GCC_WARN_ABOUT_RETURN_TYPE = YES_ERROR;
				GCC_WARN_UNDECLARED_SELECTOR = YES;
				GCC_WARN_UNINITIALIZED_AUTOS = YES_AGGRESSIVE;
				GCC_WARN_UNUSED_FUNCTION = YES;
				GCC_WARN_UNUSED_VARIABLE = YES;
				IPHONEOS_DEPLOYMENT_TARGET = 9.2;
				MTL_ENABLE_DEBUG_INFO = YES;
				ONLY_ACTIVE_ARCH = YES;
				SDKROOT = iphoneos;
			};
			name = Debug;
		};
		04E7675A1C85992D003265BD /* Release */ = {
			isa = XCBuildConfiguration;
			buildSettings = {
				ALWAYS_SEARCH_USER_PATHS = NO;
				CLANG_CXX_LANGUAGE_STANDARD = "gnu++0x";
				CLANG_CXX_LIBRARY = "libc++";
				CLANG_ENABLE_MODULES = YES;
				CLANG_ENABLE_OBJC_ARC = YES;
				CLANG_WARN_BOOL_CONVERSION = YES;
				CLANG_WARN_CONSTANT_CONVERSION = YES;
				CLANG_WARN_DIRECT_OBJC_ISA_USAGE = YES_ERROR;
				CLANG_WARN_EMPTY_BODY = YES;
				CLANG_WARN_ENUM_CONVERSION = YES;
				CLANG_WARN_INT_CONVERSION = YES;
				CLANG_WARN_OBJC_ROOT_CLASS = YES_ERROR;
				CLANG_WARN_UNREACHABLE_CODE = YES;
				CLANG_WARN__DUPLICATE_METHOD_MATCH = YES;
				"CODE_SIGN_IDENTITY[sdk=iphoneos*]" = "iPhone Developer";
				COPY_PHASE_STRIP = NO;
				DEBUG_INFORMATION_FORMAT = "dwarf-with-dsym";
				ENABLE_NS_ASSERTIONS = NO;
				ENABLE_STRICT_OBJC_MSGSEND = YES;
				GCC_C_LANGUAGE_STANDARD = gnu99;
				GCC_NO_COMMON_BLOCKS = YES;
				GCC_WARN_64_TO_32_BIT_CONVERSION = YES;
				GCC_WARN_ABOUT_RETURN_TYPE = YES_ERROR;
				GCC_WARN_UNDECLARED_SELECTOR = YES;
				GCC_WARN_UNINITIALIZED_AUTOS = YES_AGGRESSIVE;
				GCC_WARN_UNUSED_FUNCTION = YES;
				GCC_WARN_UNUSED_VARIABLE = YES;
				IPHONEOS_DEPLOYMENT_TARGET = 9.2;
				MTL_ENABLE_DEBUG_INFO = NO;
				SDKROOT = iphoneos;
				VALIDATE_PRODUCT = YES;
			};
			name = Release;
		};
		04E7675C1C85992D003265BD /* Debug */ = {
			isa = XCBuildConfiguration;
			buildSettings = {
				ASSETCATALOG_COMPILER_APPICON_NAME = AppIcon;
				CLANG_ENABLE_OBJC_ARC = NO;
				ENABLE_STRICT_OBJC_MSGSEND = NO;
				INFOPLIST_FILE = MyselfSDWebImageTest/Info.plist;
				LD_RUNPATH_SEARCH_PATHS = "$(inherited) @executable_path/Frameworks";
				PRODUCT_BUNDLE_IDENTIFIER = com.SevenDream.MyselfSDWebImageTest;
				PRODUCT_NAME = "$(TARGET_NAME)";
			};
			name = Debug;
		};
		04E7675D1C85992D003265BD /* Release */ = {
			isa = XCBuildConfiguration;
			buildSettings = {
				ASSETCATALOG_COMPILER_APPICON_NAME = AppIcon;
				CLANG_ENABLE_OBJC_ARC = NO;
				ENABLE_STRICT_OBJC_MSGSEND = NO;
				INFOPLIST_FILE = MyselfSDWebImageTest/Info.plist;
				LD_RUNPATH_SEARCH_PATHS = "$(inherited) @executable_path/Frameworks";
				PRODUCT_BUNDLE_IDENTIFIER = com.SevenDream.MyselfSDWebImageTest;
				PRODUCT_NAME = "$(TARGET_NAME)";
			};
			name = Release;
		};
/* End XCBuildConfiguration section */

/* Begin XCConfigurationList section */
		04E7673F1C85992D003265BD /* Build configuration list for PBXProject "MyselfSDWebImageTest" */ = {
			isa = XCConfigurationList;
			buildConfigurations = (
				04E767591C85992D003265BD /* Debug */,
				04E7675A1C85992D003265BD /* Release */,
			);
			defaultConfigurationIsVisible = 0;
			defaultConfigurationName = Release;
		};
		04E7675B1C85992D003265BD /* Build configuration list for PBXNativeTarget "MyselfSDWebImageTest" */ = {
			isa = XCConfigurationList;
			buildConfigurations = (
				04E7675C1C85992D003265BD /* Debug */,
				04E7675D1C85992D003265BD /* Release */,
			);
			defaultConfigurationIsVisible = 0;
			defaultConfigurationName = Release;
		};
/* End XCConfigurationList section */
	};
	rootObject = 04E7673C1C85992D003265BD /* Project object */;
}
